{
  "version": 4,
  "terraform_version": "0.13.0",
  "serial": 21,
  "lineage": "2c69b030-e712-3b47-cd7c-17736ca8d070",
  "outputs": {
    "tf-Webserver1PublicIP": {
      "value": [
        "150.136.224.194"
      ],
      "type": [
        "tuple",
        [
          "string"
        ]
      ]
    }
  },
  "resources": [
    {
      "mode": "data",
      "type": "oci_core_images",
      "name": "OSImageLocal",
      "provider": "provider[\"registry.terraform.io/hashicorp/oci\"]",
      "instances": [
        {
          "schema_version": 0,
          "attributes": {
            "compartment_id": "ocid1.compartment.oc1..aaaaaaaagvevo2ffq6c4ukqza6t3ui4ttk6iluyoqngq3ef474gn3cijvpja",
            "display_name": "Oracle-Linux-7.8-2020.05.26-0",
            "filter": null,
            "id": "2020-08-13 17:49:43.0101265 +0000 UTC",
            "images": [
              {
                "agent_features": [],
                "base_image_id": "",
                "compartment_id": "",
                "create_image_allowed": true,
                "defined_tags": {},
                "display_name": "Oracle-Linux-7.8-2020.05.26-0",
                "freeform_tags": {},
                "id": "ocid1.image.oc1.iad.aaaaaaaashyy2whsxs65paokuhg5uyjjqq3x54tnix5all4jjxzvdlz6kltq",
                "image_source_details": [],
                "instance_id": "",
                "launch_mode": "NATIVE",
                "launch_options": [
                  {
                    "boot_volume_type": "PARAVIRTUALIZED",
                    "firmware": "UEFI_64",
                    "is_consistent_volume_naming_enabled": true,
                    "is_pv_encryption_in_transit_enabled": true,
                    "network_type": "PARAVIRTUALIZED",
                    "remote_data_volume_type": "PARAVIRTUALIZED"
                  }
                ],
                "operating_system": "Oracle Linux",
                "operating_system_version": "7.8",
                "size_in_mbs": "47694",
                "state": "AVAILABLE",
                "time_created": "2020-05-28 22:54:17.631 +0000 UTC"
              }
            ],
            "operating_system": null,
            "operating_system_version": null,
            "shape": null,
            "sort_by": null,
            "sort_order": null,
            "state": null
          }
        }
      ]
    },
    {
      "mode": "data",
      "type": "oci_core_vnic",
      "name": "tf_vnic1",
      "provider": "provider[\"registry.terraform.io/hashicorp/oci\"]",
      "instances": [
        {
          "schema_version": 0,
          "attributes": {
            "availability_domain": "IAfA:US-ASHBURN-AD-2",
            "compartment_id": "ocid1.compartment.oc1..aaaaaaaa6aejeftemtyrf6jvpwau4m5i4s4fyzt4thzyb5x36y57kndywema",
            "defined_tags": {},
            "display_name": "tf-web",
            "freeform_tags": {},
            "hostname_label": "tf-web",
            "id": "ocid1.vnic.oc1.iad.abuwcljsbkqyytqvxq7p6zxcdluzslfkjba26wnk7mrlmfms6czszzwicrfq",
            "is_primary": true,
            "mac_address": "00:00:17:01:EB:FA",
            "nsg_ids": [],
            "private_ip_address": "10.0.1.2",
            "public_ip_address": "150.136.224.194",
            "skip_source_dest_check": false,
            "state": "AVAILABLE",
            "subnet_id": "ocid1.subnet.oc1.iad.aaaaaaaazeyoeumwppogg5y3k445ymtgil6mwlegz6mzwrdajloqojb3okna",
            "time_created": "2020-08-13 17:50:01.052 +0000 UTC",
            "vlan_id": null,
            "vnic_id": "ocid1.vnic.oc1.iad.abuwcljsbkqyytqvxq7p6zxcdluzslfkjba26wnk7mrlmfms6czszzwicrfq"
          }
        }
      ]
    },
    {
      "mode": "data",
      "type": "oci_core_vnic_attachments",
      "name": "tf-vnic-attach",
      "provider": "provider[\"registry.terraform.io/hashicorp/oci\"]",
      "instances": [
        {
          "schema_version": 0,
          "attributes": {
            "availability_domain": "IAfA:US-ASHBURN-AD-2",
            "compartment_id": "ocid1.compartment.oc1..aaaaaaaa6aejeftemtyrf6jvpwau4m5i4s4fyzt4thzyb5x36y57kndywema",
            "filter": null,
            "id": "2020-08-13 17:51:31.6012933 +0000 UTC",
            "instance_id": "ocid1.instance.oc1.iad.anuwcljsfioir7icfnkdvubhcxozso36b2vgjzt3tur4pnuxxvlcwp2af73q",
            "vnic_attachments": [
              {
                "availability_domain": "IAfA:US-ASHBURN-AD-2",
                "compartment_id": "ocid1.compartment.oc1..aaaaaaaa6aejeftemtyrf6jvpwau4m5i4s4fyzt4thzyb5x36y57kndywema",
                "create_vnic_details": [],
                "display_name": "",
                "id": "ocid1.vnicattachment.oc1.iad.anuwcljsfioir7icwinhabxpnbdw2hlmwcshpqmxvniaux3adsre325hjgiq",
                "instance_id": "ocid1.instance.oc1.iad.anuwcljsfioir7icfnkdvubhcxozso36b2vgjzt3tur4pnuxxvlcwp2af73q",
                "nic_index": 0,
                "state": "ATTACHED",
                "subnet_id": "ocid1.subnet.oc1.iad.aaaaaaaazeyoeumwppogg5y3k445ymtgil6mwlegz6mzwrdajloqojb3okna",
                "time_created": "2020-08-13 17:50:01.472 +0000 UTC",
                "vlan_id": "",
                "vlan_tag": 2846,
                "vnic_id": "ocid1.vnic.oc1.iad.abuwcljsbkqyytqvxq7p6zxcdluzslfkjba26wnk7mrlmfms6czszzwicrfq"
              }
            ],
            "vnic_id": null
          }
        }
      ]
    },
    {
      "mode": "data",
      "type": "oci_identity_availability_domains",
      "name": "ADs",
      "provider": "provider[\"registry.terraform.io/hashicorp/oci\"]",
      "instances": [
        {
          "schema_version": 0,
          "attributes": {
            "availability_domains": [
              {
                "compartment_id": "ocid1.tenancy.oc1..aaaaaaaaoi6b5sxlv4z773boczybqz3h2vspvvru42jysvizl77lky22ijaq",
                "id": "ocid1.availabilitydomain.oc1..aaaaaaaatrwxaogr7dl4yschqtrmqrdv6uzis3mgbnomiagqrfhcb7mxsfdq",
                "name": "IAfA:US-ASHBURN-AD-1"
              },
              {
                "compartment_id": "ocid1.tenancy.oc1..aaaaaaaaoi6b5sxlv4z773boczybqz3h2vspvvru42jysvizl77lky22ijaq",
                "id": "ocid1.availabilitydomain.oc1..aaaaaaaaztunlny6ae4yw2vghp5go2zceaonwp6wiioe3tnh2vlaxjjl2n3a",
                "name": "IAfA:US-ASHBURN-AD-2"
              },
              {
                "compartment_id": "ocid1.tenancy.oc1..aaaaaaaaoi6b5sxlv4z773boczybqz3h2vspvvru42jysvizl77lky22ijaq",
                "id": "ocid1.availabilitydomain.oc1..aaaaaaaauvt2n7pijol7uqgdnnsoojcukrijtmcltvfwxazmitk235wyohta",
                "name": "IAfA:US-ASHBURN-AD-3"
              }
            ],
            "compartment_id": "ocid1.tenancy.oc1..aaaaaaaaoi6b5sxlv4z773boczybqz3h2vspvvru42jysvizl77lky22ijaq",
            "filter": null,
            "id": "2020-08-13 17:49:43.1902776 +0000 UTC"
          }
        }
      ]
    },
    {
      "mode": "managed",
      "type": "null_resource",
      "name": "tf-httpd",
      "provider": "provider[\"registry.terraform.io/hashicorp/null\"]",
      "instances": [
        {
          "schema_version": 0,
          "attributes": {
            "id": "8292792217225605022",
            "triggers": null
          },
          "private": "bnVsbA==",
          "dependencies": [
            "oci_core_dhcp_options.tf-dhcp",
            "oci_core_instance.tf-web",
            "oci_core_internet_gateway.tf-igw",
            "oci_core_route_table.tf-rtb",
            "oci_core_security_list.tf-sglist",
            "oci_core_subnet.tf-subnet",
            "oci_core_virtual_network.tf-vcn",
            "oci_identity_compartment.tf-test"
          ]
        }
      ]
    },
    {
      "mode": "managed",
      "type": "oci_core_dhcp_options",
      "name": "tf-dhcp",
      "provider": "provider[\"registry.terraform.io/hashicorp/oci\"]",
      "instances": [
        {
          "schema_version": 0,
          "attributes": {
            "compartment_id": "ocid1.compartment.oc1..aaaaaaaa6aejeftemtyrf6jvpwau4m5i4s4fyzt4thzyb5x36y57kndywema",
            "defined_tags": {},
            "display_name": "DHCP Test",
            "freeform_tags": {},
            "id": "ocid1.dhcpoptions.oc1.iad.aaaaaaaakfrxrnjwwhq4jca7hwswenbieizdlnhreh43hvsty4ehvwfhgz4q",
            "options": [
              {
                "custom_dns_servers": [],
                "search_domain_names": [
                  "foggykitchen.com"
                ],
                "server_type": "",
                "type": "SearchDomain"
              },
              {
                "custom_dns_servers": [],
                "search_domain_names": [],
                "server_type": "VcnLocalPlusInternet",
                "type": "DomainNameServer"
              }
            ],
            "state": "AVAILABLE",
            "time_created": "2020-08-13 17:46:02.451 +0000 UTC",
            "timeouts": null,
            "vcn_id": "ocid1.vcn.oc1.iad.amaaaaaafioir7ia4vt65x4caxrvtjuergn762o5acnt5p7n42ihfprgierq"
          },
          "private": "eyJlMmJmYjczMC1lY2FhLTExZTYtOGY4OC0zNDM2M2JjN2M0YzAiOnsiY3JlYXRlIjo5MDAwMDAwMDAwMDAsImRlbGV0ZSI6OTAwMDAwMDAwMDAwLCJ1cGRhdGUiOjkwMDAwMDAwMDAwMH19",
          "dependencies": [
            "oci_core_virtual_network.tf-vcn",
            "oci_identity_compartment.tf-test"
          ]
        }
      ]
    },
    {
      "mode": "managed",
      "type": "oci_core_instance",
      "name": "tf-web",
      "provider": "provider[\"registry.terraform.io/hashicorp/oci\"]",
      "instances": [
        {
          "schema_version": 0,
          "attributes": {
            "agent_config": [
              {
                "is_management_disabled": false,
                "is_monitoring_disabled": false
              }
            ],
            "availability_domain": "IAfA:US-ASHBURN-AD-2",
            "boot_volume_id": "ocid1.bootvolume.oc1.iad.abuwcljs6jfqtffeiyuc43m25xlugvv5x53xhgeon74yt5dcqqanvt2rn7ja",
            "compartment_id": "ocid1.compartment.oc1..aaaaaaaa6aejeftemtyrf6jvpwau4m5i4s4fyzt4thzyb5x36y57kndywema",
            "create_vnic_details": [
              {
                "assign_public_ip": "true",
                "defined_tags": {},
                "display_name": "tf-web",
                "freeform_tags": {},
                "hostname_label": "tf-web",
                "nsg_ids": null,
                "private_ip": "10.0.1.2",
                "skip_source_dest_check": false,
                "subnet_id": "ocid1.subnet.oc1.iad.aaaaaaaazeyoeumwppogg5y3k445ymtgil6mwlegz6mzwrdajloqojb3okna",
                "vlan_id": ""
              }
            ],
            "dedicated_vm_host_id": null,
            "defined_tags": {},
            "display_name": "tf-web",
            "extended_metadata": null,
            "fault_domain": "FAULT-DOMAIN-1",
            "freeform_tags": {},
            "hostname_label": "tf-web",
            "id": "ocid1.instance.oc1.iad.anuwcljsfioir7icfnkdvubhcxozso36b2vgjzt3tur4pnuxxvlcwp2af73q",
            "image": "ocid1.image.oc1.iad.aaaaaaaashyy2whsxs65paokuhg5uyjjqq3x54tnix5all4jjxzvdlz6kltq",
            "ipxe_script": null,
            "is_pv_encryption_in_transit_enabled": null,
            "launch_mode": "PARAVIRTUALIZED",
            "launch_options": [
              {
                "boot_volume_type": "PARAVIRTUALIZED",
                "firmware": "UEFI_64",
                "is_consistent_volume_naming_enabled": true,
                "is_pv_encryption_in_transit_enabled": false,
                "network_type": "PARAVIRTUALIZED",
                "remote_data_volume_type": "PARAVIRTUALIZED"
              }
            ],
            "metadata": {
              "ssh_authorized_keys": "ssh-rsa AAAAB3NzaC1yc2EAAAADAQABAAABgQDJsuCPgyN5sE98mhAj6lNUHCqxK9W+F7jemfRbj79NHgAjEbf0+pR5llpsROGatdbUSupmjs9FAhqvjMpnahvC6ozXbXuXPUT3fFFGFeMmlua7f16Pp6SkFsP8J8o5ngWKVaTviGFaIaNrmG1bxEosZ6e5fBqDbeyxwXRkFc2Uzyw7uWE/6tt+6Fgq4zM4hiAq4vMMimk9j0i6Cd0UgI5CE5S+Ehnk35HyZ01zVDkrkANu7xUcEtgqEtbYjoyHRfo2ik7yWxThGTa7RyVWbqNoHSe6WtTCaiV+naipLQztLRzYeRSEScVpBnvfOAK8WDb7NBiMIebj6j9+xUtOFwFKFN0xONVXDU2XO6fQ//lak6hMIoorEqA+o9vhuTWZioax0VenVZGiq4eB1+OizEjEfPe5hhgQdo/awzRM+kbnBaZxgBm/somJabNcTaj2UNSLVgLQC9BwB5sueeCHORnOvfx+QP72IcRQ27FutBwjyp1k06+lGkHne7y8FKBR8P8= EESUAREZ@EESUAREZ-T470\n"
            },
            "preserve_boot_volume": null,
            "private_ip": "10.0.1.2",
            "public_ip": "150.136.224.194",
            "region": "iad",
            "shape": "VM.Standard.E2.1",
            "shape_config": [
              {
                "gpu_description": "",
                "gpus": 0,
                "local_disk_description": "",
                "local_disks": 0,
                "local_disks_total_size_in_gbs": 0,
                "max_vnic_attachments": 2,
                "memory_in_gbs": 8,
                "networking_bandwidth_in_gbps": 0.699999988079071,
                "ocpus": 1,
                "processor_description": "2.0 GHz AMD EPYC™ 7551 (Naples)"
              }
            ],
            "source_details": [
              {
                "boot_volume_size_in_gbs": "47",
                "kms_key_id": "",
                "source_id": "ocid1.image.oc1.iad.aaaaaaaashyy2whsxs65paokuhg5uyjjqq3x54tnix5all4jjxzvdlz6kltq",
                "source_type": "image"
              }
            ],
            "state": "RUNNING",
            "subnet_id": "ocid1.subnet.oc1.iad.aaaaaaaazeyoeumwppogg5y3k445ymtgil6mwlegz6mzwrdajloqojb3okna",
            "system_tags": {},
            "time_created": "2020-08-13 17:49:51.667 +0000 UTC",
            "time_maintenance_reboot_due": "",
            "timeouts": null
          },
          "private": "eyJlMmJmYjczMC1lY2FhLTExZTYtOGY4OC0zNDM2M2JjN2M0YzAiOnsiY3JlYXRlIjo3MjAwMDAwMDAwMDAwLCJkZWxldGUiOjcyMDAwMDAwMDAwMDAsInVwZGF0ZSI6NzIwMDAwMDAwMDAwMH19",
          "dependencies": [
            "oci_core_dhcp_options.tf-dhcp",
            "oci_core_internet_gateway.tf-igw",
            "oci_core_route_table.tf-rtb",
            "oci_core_security_list.tf-sglist",
            "oci_core_subnet.tf-subnet",
            "oci_core_virtual_network.tf-vcn",
            "oci_identity_compartment.tf-test"
          ]
        }
      ]
    },
    {
      "mode": "managed",
      "type": "oci_core_internet_gateway",
      "name": "tf-igw",
      "provider": "provider[\"registry.terraform.io/hashicorp/oci\"]",
      "instances": [
        {
          "schema_version": 0,
          "attributes": {
            "compartment_id": "ocid1.compartment.oc1..aaaaaaaa6aejeftemtyrf6jvpwau4m5i4s4fyzt4thzyb5x36y57kndywema",
            "defined_tags": {},
            "display_name": "FoggyKitchenInternetGateway",
            "enabled": true,
            "freeform_tags": {},
            "id": "ocid1.internetgateway.oc1.iad.aaaaaaaa43337ewkus574asibr2n4kq5b3afrhnkuhuvbfckximw2oep7haq",
            "state": "AVAILABLE",
            "time_created": "2020-08-13 17:46:02.158 +0000 UTC",
            "timeouts": null,
            "vcn_id": "ocid1.vcn.oc1.iad.amaaaaaafioir7ia4vt65x4caxrvtjuergn762o5acnt5p7n42ihfprgierq"
          },
          "private": "eyJlMmJmYjczMC1lY2FhLTExZTYtOGY4OC0zNDM2M2JjN2M0YzAiOnsiY3JlYXRlIjo5MDAwMDAwMDAwMDAsImRlbGV0ZSI6OTAwMDAwMDAwMDAwLCJ1cGRhdGUiOjkwMDAwMDAwMDAwMH19",
          "dependencies": [
            "oci_core_virtual_network.tf-vcn",
            "oci_identity_compartment.tf-test"
          ]
        }
      ]
    },
    {
      "mode": "managed",
      "type": "oci_core_route_table",
      "name": "tf-rtb",
      "provider": "provider[\"registry.terraform.io/hashicorp/oci\"]",
      "instances": [
        {
          "schema_version": 0,
          "attributes": {
            "compartment_id": "ocid1.compartment.oc1..aaaaaaaa6aejeftemtyrf6jvpwau4m5i4s4fyzt4thzyb5x36y57kndywema",
            "defined_tags": {},
            "display_name": "Route Table",
            "freeform_tags": {},
            "id": "ocid1.routetable.oc1.iad.aaaaaaaa233jaukeeg4uiacgcmeqkvoypwjf4asogzcozenm7v56j54rqpda",
            "route_rules": [
              {
                "cidr_block": "",
                "description": "",
                "destination": "0.0.0.0/0",
                "destination_type": "CIDR_BLOCK",
                "network_entity_id": "ocid1.internetgateway.oc1.iad.aaaaaaaa43337ewkus574asibr2n4kq5b3afrhnkuhuvbfckximw2oep7haq"
              }
            ],
            "state": "AVAILABLE",
            "time_created": "2020-08-13 17:46:02.995 +0000 UTC",
            "timeouts": null,
            "vcn_id": "ocid1.vcn.oc1.iad.amaaaaaafioir7ia4vt65x4caxrvtjuergn762o5acnt5p7n42ihfprgierq"
          },
          "private": "eyJlMmJmYjczMC1lY2FhLTExZTYtOGY4OC0zNDM2M2JjN2M0YzAiOnsiY3JlYXRlIjo5MDAwMDAwMDAwMDAsImRlbGV0ZSI6OTAwMDAwMDAwMDAwLCJ1cGRhdGUiOjkwMDAwMDAwMDAwMH19",
          "dependencies": [
            "oci_core_internet_gateway.tf-igw",
            "oci_core_virtual_network.tf-vcn",
            "oci_identity_compartment.tf-test"
          ]
        }
      ]
    },
    {
      "mode": "managed",
      "type": "oci_core_security_list",
      "name": "tf-sglist",
      "provider": "provider[\"registry.terraform.io/hashicorp/oci\"]",
      "instances": [
        {
          "schema_version": 0,
          "attributes": {
            "compartment_id": "ocid1.compartment.oc1..aaaaaaaa6aejeftemtyrf6jvpwau4m5i4s4fyzt4thzyb5x36y57kndywema",
            "defined_tags": {},
            "display_name": "FoggyKitchenSecurityList",
            "egress_security_rules": [
              {
                "description": "",
                "destination": "0.0.0.0/0",
                "destination_type": "CIDR_BLOCK",
                "icmp_options": [],
                "protocol": "6",
                "stateless": false,
                "tcp_options": [],
                "udp_options": []
              }
            ],
            "freeform_tags": {},
            "id": "ocid1.securitylist.oc1.iad.aaaaaaaauw42c5fvx6tdkwrpegobyh5hwins7mjj2vkvzngccfey5ifflgtq",
            "ingress_security_rules": [
              {
                "description": "",
                "icmp_options": [],
                "protocol": "6",
                "source": "0.0.0.0/0",
                "source_type": "CIDR_BLOCK",
                "stateless": false,
                "tcp_options": [
                  {
                    "max": 22,
                    "min": 22,
                    "source_port_range": []
                  }
                ],
                "udp_options": []
              },
              {
                "description": "",
                "icmp_options": [],
                "protocol": "6",
                "source": "0.0.0.0/0",
                "source_type": "CIDR_BLOCK",
                "stateless": false,
                "tcp_options": [
                  {
                    "max": 443,
                    "min": 443,
                    "source_port_range": []
                  }
                ],
                "udp_options": []
              },
              {
                "description": "",
                "icmp_options": [],
                "protocol": "6",
                "source": "0.0.0.0/0",
                "source_type": "CIDR_BLOCK",
                "stateless": false,
                "tcp_options": [
                  {
                    "max": 80,
                    "min": 80,
                    "source_port_range": []
                  }
                ],
                "udp_options": []
              },
              {
                "description": "",
                "icmp_options": [],
                "protocol": "6",
                "source": "10.0.0.0/16",
                "source_type": "CIDR_BLOCK",
                "stateless": false,
                "tcp_options": [],
                "udp_options": []
              }
            ],
            "state": "AVAILABLE",
            "time_created": "2020-08-13 17:46:02.718 +0000 UTC",
            "timeouts": null,
            "vcn_id": "ocid1.vcn.oc1.iad.amaaaaaafioir7ia4vt65x4caxrvtjuergn762o5acnt5p7n42ihfprgierq"
          },
          "private": "eyJlMmJmYjczMC1lY2FhLTExZTYtOGY4OC0zNDM2M2JjN2M0YzAiOnsiY3JlYXRlIjo5MDAwMDAwMDAwMDAsImRlbGV0ZSI6OTAwMDAwMDAwMDAwLCJ1cGRhdGUiOjkwMDAwMDAwMDAwMH19",
          "dependencies": [
            "oci_core_virtual_network.tf-vcn",
            "oci_identity_compartment.tf-test"
          ]
        }
      ]
    },
    {
      "mode": "managed",
      "type": "oci_core_subnet",
      "name": "tf-subnet",
      "provider": "provider[\"registry.terraform.io/hashicorp/oci\"]",
      "instances": [
        {
          "schema_version": 0,
          "attributes": {
            "availability_domain": null,
            "cidr_block": "10.0.1.0/24",
            "compartment_id": "ocid1.compartment.oc1..aaaaaaaa6aejeftemtyrf6jvpwau4m5i4s4fyzt4thzyb5x36y57kndywema",
            "defined_tags": {},
            "dhcp_options_id": "ocid1.dhcpoptions.oc1.iad.aaaaaaaakfrxrnjwwhq4jca7hwswenbieizdlnhreh43hvsty4ehvwfhgz4q",
            "display_name": "Tf-Subnet",
            "dns_label": "tfn1",
            "freeform_tags": {},
            "id": "ocid1.subnet.oc1.iad.aaaaaaaazeyoeumwppogg5y3k445ymtgil6mwlegz6mzwrdajloqojb3okna",
            "ipv6cidr_block": null,
            "ipv6public_cidr_block": null,
            "ipv6virtual_router_ip": null,
            "prohibit_public_ip_on_vnic": false,
            "route_table_id": "ocid1.routetable.oc1.iad.aaaaaaaa233jaukeeg4uiacgcmeqkvoypwjf4asogzcozenm7v56j54rqpda",
            "security_list_ids": [
              "ocid1.securitylist.oc1.iad.aaaaaaaauw42c5fvx6tdkwrpegobyh5hwins7mjj2vkvzngccfey5ifflgtq"
            ],
            "state": "AVAILABLE",
            "subnet_domain_name": "tfn1.testvcn.oraclevcn.com",
            "time_created": "2020-08-13 17:49:49.278 +0000 UTC",
            "timeouts": null,
            "vcn_id": "ocid1.vcn.oc1.iad.amaaaaaafioir7ia4vt65x4caxrvtjuergn762o5acnt5p7n42ihfprgierq",
            "virtual_router_ip": "10.0.1.1",
            "virtual_router_mac": "00:00:17:56:54:E5"
          },
          "private": "eyJlMmJmYjczMC1lY2FhLTExZTYtOGY4OC0zNDM2M2JjN2M0YzAiOnsiY3JlYXRlIjo5MDAwMDAwMDAwMDAsImRlbGV0ZSI6OTAwMDAwMDAwMDAwLCJ1cGRhdGUiOjkwMDAwMDAwMDAwMH19",
          "dependencies": [
            "oci_core_dhcp_options.tf-dhcp",
            "oci_core_internet_gateway.tf-igw",
            "oci_core_route_table.tf-rtb",
            "oci_core_security_list.tf-sglist",
            "oci_core_virtual_network.tf-vcn",
            "oci_identity_compartment.tf-test"
          ]
        }
      ]
    },
    {
      "mode": "managed",
      "type": "oci_core_virtual_network",
      "name": "tf-vcn",
      "provider": "provider[\"registry.terraform.io/hashicorp/oci\"]",
      "instances": [
        {
          "schema_version": 0,
          "attributes": {
            "cidr_block": "10.0.0.0/16",
            "compartment_id": "ocid1.compartment.oc1..aaaaaaaa6aejeftemtyrf6jvpwau4m5i4s4fyzt4thzyb5x36y57kndywema",
            "default_dhcp_options_id": "ocid1.dhcpoptions.oc1.iad.aaaaaaaaph3e2frzbkq2mhr6g4pcbbvuj3s6jhbg4wdgmqj3omonhxvqqvkq",
            "default_route_table_id": "ocid1.routetable.oc1.iad.aaaaaaaahzesxh424v2qsebwnnd4wsn3cwolyzpvpaeluxyzfhbsm6rpfgha",
            "default_security_list_id": "ocid1.securitylist.oc1.iad.aaaaaaaav3ylxjp4sjnfkxa6fclkdax6dinsaidacieqapx44e6e7hbgie6a",
            "defined_tags": {},
            "display_name": "TF-VCN",
            "dns_label": "testvcn",
            "freeform_tags": {},
            "id": "ocid1.vcn.oc1.iad.amaaaaaafioir7ia4vt65x4caxrvtjuergn762o5acnt5p7n42ihfprgierq",
            "ipv6cidr_block": null,
            "ipv6public_cidr_block": null,
            "is_ipv6enabled": null,
            "state": "AVAILABLE",
            "time_created": "2020-08-13 17:46:01.428 +0000 UTC",
            "timeouts": null,
            "vcn_domain_name": "testvcn.oraclevcn.com"
          },
          "private": "eyJlMmJmYjczMC1lY2FhLTExZTYtOGY4OC0zNDM2M2JjN2M0YzAiOnsiY3JlYXRlIjo5MDAwMDAwMDAwMDAsImRlbGV0ZSI6OTAwMDAwMDAwMDAwLCJ1cGRhdGUiOjkwMDAwMDAwMDAwMH19",
          "dependencies": [
            "oci_identity_compartment.tf-test"
          ]
        }
      ]
    },
    {
      "mode": "managed",
      "type": "oci_identity_compartment",
      "name": "tf-test",
      "provider": "provider[\"registry.terraform.io/hashicorp/oci\"]",
      "instances": [
        {
          "schema_version": 0,
          "attributes": {
            "compartment_id": "ocid1.compartment.oc1..aaaaaaaagvevo2ffq6c4ukqza6t3ui4ttk6iluyoqngq3ef474gn3cijvpja",
            "defined_tags": {},
            "description": "test Compartment",
            "enable_delete": null,
            "freeform_tags": {},
            "id": "ocid1.compartment.oc1..aaaaaaaa6aejeftemtyrf6jvpwau4m5i4s4fyzt4thzyb5x36y57kndywema",
            "inactive_state": null,
            "is_accessible": true,
            "name": "tf-test",
            "state": "ACTIVE",
            "time_created": "2020-08-13 17:41:10.219 +0000 UTC",
            "timeouts": null
          },
          "private": "eyJlMmJmYjczMC1lY2FhLTExZTYtOGY4OC0zNDM2M2JjN2M0YzAiOnsiZGVsZXRlIjo1NDAwMDAwMDAwMDAwfX0="
        }
      ]
    }
  ]
}
